
Microsoft Visual Studio Solution File, Format Version 12.00
# Visual Studio Version 16
VisualStudioVersion = 16.0.30907.101
MinimumVisualStudioVersion = 10.0.40219.1
Project("{9A19103F-16F7-4668-BE54-9A1E7A4F7556}") = "Midterm1App", "Midterm1App.csproj", "{2DC4E310-7DFB-4E09-9858-F3A40A93E660}"
EndProject
Project("{9A19103F-16F7-4668-BE54-9A1E7A4F7556}") = "NUnitTestMidterm1", "..\NUnitTestMidterm1\NUnitTestMidterm1.csproj", "{0B2FB6A7-1B53-49A0-8D53-2F9009A60F64}"
	ProjectSection(ProjectDependencies) = postProject
		{2DC4E310-7DFB-4E09-9858-F3A40A93E660} = {2DC4E310-7DFB-4E09-9858-F3A40A93E660}
	EndProjectSection
EndProject
Global
	GlobalSection(SolutionConfigurationPlatforms) = preSolution
		Debug|Any CPU = Debug|Any CPU
		Release|Any CPU = Release|Any CPU
	EndGlobalSection
	GlobalSection(ProjectConfigurationPlatforms) = postSolution
		{2DC4E310-7DFB-4E09-9858-F3A40A93E660}.Debug|Any CPU.ActiveCfg = Debug|Any CPU
		{2DC4E310-7DFB-4E09-9858-F3A40A93E660}.Debug|Any CPU.Build.0 = Debug|Any CPU
		{2DC4E310-7DFB-4E09-9858-F3A40A93E660}.Release|Any CPU.ActiveCfg = Release|Any CPU
		{2DC4E310-7DFB-4E09-9858-F3A40A93E660}.Release|Any CPU.Build.0 = Release|Any CPU
		{0B2FB6A7-1B53-49A0-8D53-2F9009A60F64}.Debug|Any CPU.ActiveCfg = Debug|Any CPU
		{0B2FB6A7-1B53-49A0-8D53-2F9009A60F64}.Debug|Any CPU.Build.0 = Debug|Any CPU
		{0B2FB6A7-1B53-49A0-8D53-2F9009A60F64}.Release|Any CPU.ActiveCfg = Release|Any CPU
		{0B2FB6A7-1B53-49A0-8D53-2F9009A60F64}.Release|Any CPU.Build.0 = Release|Any CPU
	EndGlobalSection
	GlobalSection(SolutionProperties) = preSolution
		HideSolutionNode = FALSE
	EndGlobalSection
	GlobalSection(ExtensibilityGlobals) = postSolution
		SolutionGuid = {0DA34ECE-577F-4C8B-A384-972764B11498}
	EndGlobalSection
EndGlobal
